// !$*UTF8*$!
{
	archiveVersion = 1;
	classes = {
	};
	objectVersion = 46;
	objects = {

/* Begin PBXBuildFile section */
		B9A8B9751A1F377500EECA09 /* main.m in Sources */ = {isa = PBXBuildFile; fileRef = B9A8B9741A1F377500EECA09 /* main.m */; };
		B9A8B9781A1F377500EECA09 /* AppDelegate.m in Sources */ = {isa = PBXBuildFile; fileRef = B9A8B9771A1F377500EECA09 /* AppDelegate.m */; };
		B9A8B97B1A1F377500EECA09 /* ViewController.m in Sources */ = {isa = PBXBuildFile; fileRef = B9A8B97A1A1F377500EECA09 /* ViewController.m */; };
		B9A8B97E1A1F377500EECA09 /* Main.storyboard in Resources */ = {isa = PBXBuildFile; fileRef = B9A8B97C1A1F377500EECA09 /* Main.storyboard */; };
		B9A8B9801A1F377500EECA09 /* Images.xcassets in Resources */ = {isa = PBXBuildFile; fileRef = B9A8B97F1A1F377500EECA09 /* Images.xcassets */; };
		B9A8B9991A1F38A800EECA09 /* MultipeerConnectivity.framework in Frameworks */ = {isa = PBXBuildFile; fileRef = B9A8B9981A1F38A800EECA09 /* MultipeerConnectivity.framework */; };
/* End PBXBuildFile section */

/* Begin PBXFileReference section */
		B9A8B96F1A1F377500EECA09 /* SharePhotos.app */ = {isa = PBXFileReference; explicitFileType = wrapper.application; includeInIndex = 0; path = SharePhotos.app; sourceTree = BUILT_PRODUCTS_DIR; };
		B9A8B9731A1F377500EECA09 /* Info.plist */ = {isa = PBXFileReference; lastKnownFileType = text.plist.xml; path = Info.plist; sourceTree = "<group>"; };
		B9A8B9741A1F377500EECA09 /* main.m */ = {isa = PBXFileReference; lastKnownFileType = sourcecode.c.objc; path = main.m; sourceTree = "<group>"; };
		B9A8B9761A1F377500EECA09 /* AppDelegate.h */ = {isa = PBXFileReference; lastKnownFileType = sourcecode.c.h; path = AppDelegate.h; sourceTree = "<group>"; };
		B9A8B9771A1F377500EECA09 /* AppDelegate.m */ = {isa = PBXFileReference; lastKnownFileType = sourcecode.c.objc; path = AppDelegate.m; sourceTree = "<group>"; };
		B9A8B9791A1F377500EECA09 /* ViewController.h */ = {isa = PBXFileReference; lastKnownFileType = sourcecode.c.h; path = ViewController.h; sourceTree = "<group>"; };
		B9A8B97A1A1F377500EECA09 /* ViewController.m */ = {isa = PBXFileReference; lastKnownFileType = sourcecode.c.objc; path = ViewController.m; sourceTree = "<group>"; };
		B9A8B97D1A1F377500EECA09 /* Base */ = {isa = PBXFileReference; lastKnownFileType = file.storyboard; name = Base; path = Base.lproj/Main.storyboard; sourceTree = "<group>"; };
		B9A8B97F1A1F377500EECA09 /* Images.xcassets */ = {isa = PBXFileReference; lastKnownFileType = folder.assetcatalog; path = Images.xcassets; sourceTree = "<group>"; };
		B9A8B9981A1F38A800EECA09 /* MultipeerConnectivity.framework */ = {isa = PBXFileReference; lastKnownFileType = wrapper.framework; name = MultipeerConnectivity.framework; path = System/Library/Frameworks/MultipeerConnectivity.framework; sourceTree = SDKROOT; };
/* End PBXFileReference section */

/* Begin PBXFrameworksBuildPhase section */
		B9A8B96C1A1F377500EECA09 /* Frameworks */ = {
			isa = PBXFrameworksBuildPhase;
			buildActionMask = 2147483647;
			files = (
				B9A8B9991A1F38A800EECA09 /* MultipeerConnectivity.framework in Frameworks */,
			);
			runOnlyForDeploymentPostprocessing = 0;
		};
/* End PBXFrameworksBuildPhase section */

/* Begin PBXGroup section */
		B97C7C4A1A22695700E1BE38 /* Frameworks */ = {
			isa = PBXGroup;
			children = (
				B9A8B9981A1F38A800EECA09 /* MultipeerConnectivity.framework */,
			);
			name = Frameworks;
			sourceTree = "<group>";
		};
		B9A8B9661A1F377500EECA09 = {
			isa = PBXGroup;
			children = (
				B9A8B9711A1F377500EECA09 /* SharePhotos */,
				B9A8B9701A1F377500EECA09 /* Products */,
				B97C7C4A1A22695700E1BE38 /* Frameworks */,
			);
			sourceTree = "<group>";
		};
		B9A8B9701A1F377500EECA09 /* Products */ = {
			isa = PBXGroup;
			children = (
				B9A8B96F1A1F377500EECA09 /* SharePhotos.app */,
			);
			name = Products;
			sourceTree = "<group>";
		};
		B9A8B9711A1F377500EECA09 /* SharePhotos */ = {
			isa = PBXGroup;
			children = (
				B9A8B9761A1F377500EECA09 /* AppDelegate.h */,
				B9A8B9771A1F377500EECA09 /* AppDelegate.m */,
				B9A8B9791A1F377500EECA09 /* ViewController.h */,
				B9A8B97A1A1F377500EECA09 /* ViewController.m */,
				B9A8B97C1A1F377500EECA09 /* Main.storyboard */,
				B9A8B97F1A1F377500EECA09 /* Images.xcassets */,
				B9A8B9721A1F377500EECA09 /* Supporting Files */,
			);
			path = SharePhotos;
			sourceTree = "<group>";
		};
		B9A8B9721A1F377500EECA09 /* Supporting Files */ = {
			isa = PBXGroup;
			children = (
				B9A8B9731A1F377500EECA09 /* Info.plist */,
				B9A8B9741A1F377500EECA09 /* main.m */,
			);
			name = "Supporting Files";
			sourceTree = "<group>";
		};
/* End PBXGroup section */

/* Begin PBXNativeTarget section */
		B9A8B96E1A1F377500EECA09 /* SharePhotos */ = {
			isa = PBXNativeTarget;
			buildConfigurationList = B9A8B9921A1F377500EECA09 /* Build configuration list for PBXNativeTarget "SharePhotos" */;
			buildPhases = (
				B9A8B96B1A1F377500EECA09 /* Sources */,
				B9A8B96C1A1F377500EECA09 /* Frameworks */,
				B9A8B96D1A1F377500EECA09 /* Resources */,
			);
			buildRules = (
			);
			dependencies = (
			);
			name = SharePhotos;
			productName = SharePhotos;
			productReference = B9A8B96F1A1F377500EECA09 /* SharePhotos.app */;
			productType = "com.apple.product-type.application";
		};
/* End PBXNativeTarget section */

/* Begin PBXProject section */
		B9A8B9671A1F377500EECA09 /* Project object */ = {
			isa = PBXProject;
			attributes = {
				LastUpgradeCheck = 0610;
				ORGANIZATIONNAME = ticketea.com;
				TargetAttributes = {
					B9A8B96E1A1F377500EECA09 = {
						CreatedOnToolsVersion = 6.1;
					};
				};
			};
			buildConfigurationList = B9A8B96A1A1F377500EECA09 /* Build configuration list for PBXProject "SharePhotos" */;
			compatibilityVersion = "Xcode 3.2";
			developmentRegion = English;
			hasScannedForEncodings = 0;
			knownRegions = (
				en,
				Base,
			);
			mainGroup = B9A8B9661A1F377500EECA09;
			productRefGroup = B9A8B9701A1F377500EECA09 /* Products */;
			projectDirPath = "";
			projectRoot = "";
			targets = (
				B9A8B96E1A1F377500EECA09 /* SharePhotos */,
			);
		};
/* End PBXProject section */

/* Begin PBXResourcesBuildPhase section */
		B9A8B96D1A1F377500EECA09 /* Resources */ = {
			isa = PBXResourcesBuildPhase;
			buildActionMask = 2147483647;
			files = (
				B9A8B97E1A1F377500EECA09 /* Main.storyboard in Resources */,
				B9A8B9801A1F377500EECA09 /* Images.xcassets in Resources */,
			);
			runOnlyForDeploymentPostprocessing = 0;
		};
/* End PBXResourcesBuildPhase section */

/* Begin PBXSourcesBuildPhase section */
		B9A8B96B1A1F377500EECA09 /* Sources */ = {
			isa = PBXSourcesBuildPhase;
			buildActionMask = 2147483647;
			files = (
				B9A8B97B1A1F377500EECA09 /* ViewController.m in Sources */,
				B9A8B9781A1F377500EECA09 /* AppDelegate.m in Sources */,
				B9A8B9751A1F377500EECA09 /* main.m in Sources */,
			);
			runOnlyForDeploymentPostprocessing = 0;
		};
/* End PBXSourcesBuildPhase section */

/* Begin PBXVariantGroup section */
		B9A8B97C1A1F377500EECA09 /* Main.storyboard */ = {
			isa = PBXVariantGroup;
			children = (
				B9A8B97D1A1F377500EECA09 /* Base */,
			);
			name = Main.storyboard;
			sourceTree = "<group>";
		};
/* End PBXVariantGroup section */

/* Begin XCBuildConfiguration section */
		B9A8B9901A1F377500EECA09 /* Debug */ = {
			isa = XCBuildConfiguration;
			buildSettings = {
				ALWAYS_SEARCH_USER_PATHS = NO;
				CLANG_CXX_LANGUAGE_STANDARD = "gnu++0x";
				CLANG_CXX_LIBRARY = "libc++";
				CLANG_ENABLE_MODULES = YES;
				CLANG_ENABLE_OBJC_ARC = YES;
				CLANG_WARN_BOOL_CONVERSION = YES;
				CLANG_WARN_CONSTANT_CONVERSION = YES;
				CLANG_WARN_DIRECT_OBJC_ISA_USAGE = YES_ERROR;
				CLANG_WARN_EMPTY_BODY = YES;
				CLANG_WARN_ENUM_CONVERSION = YES;
				CLANG_WARN_INT_CONVERSION = YES;
				CLANG_WARN_OBJC_ROOT_CLASS = YES_ERROR;
				CLANG_WARN_UNREACHABLE_CODE = YES;
				CLANG_WARN__DUPLICATE_METHOD_MATCH = YES;
				"CODE_SIGN_IDENTITY[sdk=iphoneos*]" = "iPhone Developer";
				COPY_PHASE_STRIP = NO;
				ENABLE_STRICT_OBJC_MSGSEND = YES;
				GCC_C_LANGUAGE_STANDARD = gnu99;
				GCC_DYNAMIC_NO_PIC = NO;
				GCC_OPTIMIZATION_LEVEL = 0;
				GCC_PREPROCESSOR_DEFINITIONS = (
					"DEBUG=1",
					"$(inherited)",
				);
				GCC_SYMBOLS_PRIVATE_EXTERN = NO;
				GCC_WARN_64_TO_32_BIT_CONVERSION = YES;
				GCC_WARN_ABOUT_RETURN_TYPE = YES_ERROR;
				GCC_WARN_UNDECLARED_SELECTOR = YES;
				GCC_WARN_UNINITIALIZED_AUTOS = YES_AGGRESSIVE;
				GCC_WARN_UNUSED_FUNCTION = YES;
				GCC_WARN_UNUSED_VARIABLE = YES;
				IPHONEOS_DEPLOYMENT_TARGET = 8.1;
				MTL_ENABLE_DEBUG_INFO = YES;
				ONLY_ACTIVE_ARCH = YES;
				SDKROOT = iphoneos;
			};
			name = Debug;
		};
		B9A8B9911A1F377500EECA09 /* Release */ = {
			isa = XCBuildConfiguration;
			buildSettings = {
				ALWAYS_SEARCH_USER_PATHS = NO;
				CLANG_CXX_LANGUAGE_STANDARD = "gnu++0x";
				CLANG_CXX_LIBRARY = "libc++";
				CLANG_ENABLE_MODULES = YES;
				CLANG_ENABLE_OBJC_ARC = YES;
				CLANG_WARN_BOOL_CONVERSION = YES;
				CLANG_WARN_CONSTANT_CONVERSION = YES;
				CLANG_WARN_DIRECT_OBJC_ISA_USAGE = YES_ERROR;
				CLANG_WARN_EMPTY_BODY = YES;
				CLANG_WARN_ENUM_CONVERSION = YES;
				CLANG_WARN_INT_CONVERSION = YES;
				CLANG_WARN_OBJC_ROOT_CLASS = YES_ERROR;
				CLANG_WARN_UNREACHABLE_CODE = YES;
				CLANG_WARN__DUPLICATE_METHOD_MATCH = YES;
				"CODE_SIGN_IDENTITY[sdk=iphoneos*]" = "iPhone Developer";
				COPY_PHASE_STRIP = YES;
				ENABLE_NS_ASSERTIONS = NO;
				ENABLE_STRICT_OBJC_MSGSEND = YES;
				GCC_C_LANGUAGE_STANDARD = gnu99;
				GCC_WARN_64_TO_32_BIT_CONVERSION = YES;
				GCC_WARN_ABOUT_RETURN_TYPE = YES_ERROR;
				GCC_WARN_UNDECLARED_SELECTOR = YES;
				GCC_WARN_UNINITIALIZED_AUTOS = YES_AGGRESSIVE;
				GCC_WARN_UNUSED_FUNCTION = YES;
				GCC_WARN_UNUSED_VARIABLE = YES;
				IPHONEOS_DEPLOYMENT_TARGET = 8.1;
				MTL_ENABLE_DEBUG_INFO = NO;
				SDKROOT = iphoneos;
				VALIDATE_PRODUCT = YES;
			};
			name = Release;
		};
		B9A8B9931A1F377500EECA09 /* Debug */ = {
			isa = XCBuildConfiguration;
			buildSettings = {
				ASSETCATALOG_COMPILER_APPICON_NAME = AppIcon;
				INFOPLIST_FILE = SharePhotos/Info.plist;
				LD_RUNPATH_SEARCH_PATHS = "$(inherited) @executable_path/Frameworks";
				PRODUCT_NAME = "$(TARGET_NAME)";
			};
			name = Debug;
		};
		B9A8B9941A1F377500EECA09 /* Release */ = {
			isa = XCBuildConfiguration;
			buildSettings = {
				ASSETCATALOG_COMPILER_APPICON_NAME = AppIcon;
				INFOPLIST_FILE = SharePhotos/Info.plist;
				LD_RUNPATH_SEARCH_PATHS = "$(inherited) @executable_path/Frameworks";
				PRODUCT_NAME = "$(TARGET_NAME)";
			};
			name = Release;
		};
/* End XCBuildConfiguration section */

/* Begin XCConfigurationList section */
		B9A8B96A1A1F377500EECA09 /* Build configuration list for PBXProject "SharePhotos" */ = {
			isa = XCConfigurationList;
			buildConfigurations = (
				B9A8B9901A1F377500EECA09 /* Debug */,
				B9A8B9911A1F377500EECA09 /* Release */,
			);
			defaultConfigurationIsVisible = 0;
			defaultConfigurationName = Release;
		};
		B9A8B9921A1F377500EECA09 /* Build configuration list for PBXNativeTarget "SharePhotos" */ = {
			isa = XCConfigurationList;
			buildConfigurations = (
				B9A8B9931A1F377500EECA09 /* Debug */,
				B9A8B9941A1F377500EECA09 /* Release */,
			);
			defaultConfigurationIsVisible = 0;
			defaultConfigurationName = Release;
		};
/* End XCConfigurationList section */
	};
	rootObject = B9A8B9671A1F377500EECA09 /* Project object */;
}
